
Microsoft Visual Studio Solution File, Format Version 12.00
# Visual Studio Version 16
VisualStudioVersion = 16.0.30503.244
MinimumVisualStudioVersion = 10.0.40219.1
Project("{9A19103F-16F7-4668-BE54-9A1E7A4F7556}") = "DotNetProject_Team5_Armoire", "DotNetProject_Team5_Armoire\DotNetProject_Team5_Armoire.csproj", "{A59B580A-ACFD-4F6D-ACB5-96FB52907AFD}"
EndProject
Global
	GlobalSection(SolutionConfigurationPlatforms) = preSolution
		Debug|Any CPU = Debug|Any CPU
		Release|Any CPU = Release|Any CPU
	EndGlobalSection
	GlobalSection(ProjectConfigurationPlatforms) = postSolution
		{A59B580A-ACFD-4F6D-ACB5-96FB52907AFD}.Debug|Any CPU.ActiveCfg = Debug|Any CPU
		{A59B580A-ACFD-4F6D-ACB5-96FB52907AFD}.Debug|Any CPU.Build.0 = Debug|Any CPU
		{A59B580A-ACFD-4F6D-ACB5-96FB52907AFD}.Release|Any CPU.ActiveCfg = Release|Any CPU
		{A59B580A-ACFD-4F6D-ACB5-96FB52907AFD}.Release|Any CPU.Build.0 = Release|Any CPU
	EndGlobalSection
	GlobalSection(SolutionProperties) = preSolution
		HideSolutionNode = FALSE
	EndGlobalSection
	GlobalSection(ExtensibilityGlobals) = postSolution
		SolutionGuid = {F5D1359A-2C9B-433A-B613-6A1FA2A23F93}
	EndGlobalSection
EndGlobal
